{
    "_meta": {
        "hash": {
            "sha256": "425fe035b6f6cf8e2322fb321da1a3858ed8e7145c2226b97151478c365a4b96"
        },
        "pipfile-spec": 6,
        "requires": {
            "python_version": "3.9"
        },
        "sources": [
            {
                "name": "pypi",
                "url": "https://pypi.org/simple",
                "verify_ssl": true
            }
        ]
    },
    "default": {
        "flake8": {
            "hashes": [
                "sha256:479b1304f72536a55948cb40a32dce8bb0ffe3501e26eaf292c7e60eb5e0428d",
                "sha256:806e034dda44114815e23c16ef92f95c91e4c71100ff52813adf7132a6ad870d"
            ],
            "index": "pypi",
            "version": "==4.0.1"
        },
        "frozendict": {
            "hashes": [
                "sha256:00ea9166aa68cc5feed05986206fdbf35e838a09cb3feef998cf35978ff8a803",
                "sha256:1f34793fb409c4fa70ffd25bea87b01f3bd305fb1c6b09e7dff085b126302206",
                "sha256:2d3f5016650c0e9a192f5024e68fb4d63f670d0ee58b099ed3f5b4c62ea30ecb",
                "sha256:4f45ef5f6b184d84744fff97b61f6b9a855e24d36b713ea2352fc723a047afa5",
                "sha256:5346d9fc1c936c76d33975a9a9f1a067342963105d9a403a99e787c939cc2bb2",
                "sha256:60dd2253f1bacb63a7c486ec541a968af4f985ffb06602ee8954a3d39ec6bd2e",
                "sha256:6cf605916f50aabaaba5624c81eb270200f6c2c466c46960237a125ec8fe3ae0",
                "sha256:752a6dcfaf9bb20a7ecab24980e4dbe041f154509c989207caf185522ef85461",
                "sha256:8578fe06815fcdcc672bd5603eebc98361a5317c1c3a13b28c6c810f6ea3b323",
                "sha256:96dc7a02e78da5725e5e642269bb7ae792e0c9f13f10f2e02689175ebbfedb35",
                "sha256:9ffaf440648b44e0bc694c1a4701801941378ba3ba6541e17750ae4b4aeeb116",
                "sha256:a27a69b1ac3591e4258325108aee62b53c0eeb6ad0a993ae68d3c7eaea980420",
                "sha256:b2e044602ce17e5cd86724add46660fb9d80169545164e763300a3b839cb1b79",
                "sha256:da4231adefc5928e7810da2732269d3ad7b5616295b3e693746392a8205ea0b5",
                "sha256:e18e2abd144a9433b0a8334582843b2aa0d3b9ac8b209aaa912ad365115fe2e1",
                "sha256:f6da06e44904beae4412199d7e49be4f85c6cc168ab06b77c735ea7da5ce3454",
                "sha256:fd72494a559bdcd28aa71f4aa81860269cd0b7c45fff3e2614a0a053ecfd2a13"
            ],
            "index": "pypi",
            "version": "==2.3.0"
        },
        "mccabe": {
            "hashes": [
                "sha256:ab8a6258860da4b6677da4bd2fe5dc2c659cff31b3ee4f7f5d64e79735b80d42",
                "sha256:dd8d182285a0fe56bace7f45b5e7d1a6ebcbf524e8f3bd87eb0f125271b8831f"
            ],
            "index": "pypi",
            "version": "==0.6.1"
        },
        "pycodestyle": {
            "hashes": [
                "sha256:720f8b39dde8b293825e7ff02c475f3077124006db4f440dcbc9a20b76548a20",
                "sha256:eddd5847ef438ea1c7870ca7eb78a9d47ce0cdb4851a5523949f2601d0cbbe7f"
            ],
            "index": "pypi",
            "version": "==2.8.0"
        },
        "pyflakes": {
            "hashes": [
                "sha256:05a85c2872edf37a4ed30b0cce2f6093e1d0581f8c19d7393122da7e25b2b24c",
                "sha256:3bb3a3f256f4b7968c9c788781e4ff07dce46bdf12339dcda61053375426ee2e"
            ],
            "index": "pypi",
            "version": "==2.4.0"
        }
    },
    "develop": {}
}
